// !$*UTF8*$!
{
	archiveVersion = 1;
	classes = {
	};
	objectVersion = 48;
	objects = {

/* Begin PBXBuildFile section */
		C01FDC0F1FC63B0B00174287 /* AppDelegate.swift in Sources */ = {isa = PBXBuildFile; fileRef = C01FDC0E1FC63B0B00174287 /* AppDelegate.swift */; };
		C01FDC111FC63B0B00174287 /* ViewController.swift in Sources */ = {isa = PBXBuildFile; fileRef = C01FDC101FC63B0B00174287 /* ViewController.swift */; };
		C01FDC141FC63B0B00174287 /* Main.storyboard in Resources */ = {isa = PBXBuildFile; fileRef = C01FDC121FC63B0B00174287 /* Main.storyboard */; };
		C01FDC161FC63B0B00174287 /* Assets.xcassets in Resources */ = {isa = PBXBuildFile; fileRef = C01FDC151FC63B0B00174287 /* Assets.xcassets */; };
		C01FDC191FC63B0B00174287 /* LaunchScreen.storyboard in Resources */ = {isa = PBXBuildFile; fileRef = C01FDC171FC63B0B00174287 /* LaunchScreen.storyboard */; };
		FA234A6D1FC870FE00A058DC /* Notifications.swift in Sources */ = {isa = PBXBuildFile; fileRef = FA234A6C1FC870FE00A058DC /* Notifications.swift */; };
		FA3B86A21FFBD45D0015D068 /* PlayerHolder+Animations.swift in Sources */ = {isa = PBXBuildFile; fileRef = FA3B86A11FFBD45D0015D068 /* PlayerHolder+Animations.swift */; };
		FA3B86CF1FFFB5440015D068 /* Keys.swift in Sources */ = {isa = PBXBuildFile; fileRef = FA3B86CE1FFFB5440015D068 /* Keys.swift */; };
		FA3B86D11FFFB5790015D068 /* Downloader.swift in Sources */ = {isa = PBXBuildFile; fileRef = FA3B86D01FFFB5790015D068 /* Downloader.swift */; };
		FA51C9131FC6D69F0006421C /* Colors.swift in Sources */ = {isa = PBXBuildFile; fileRef = FA51C90F1FC6D69F0006421C /* Colors.swift */; };
		FA51C9181FC6D7C00006421C /* PlayerHolder.swift in Sources */ = {isa = PBXBuildFile; fileRef = FA51C9171FC6D7C00006421C /* PlayerHolder.swift */; };
		FA51C9291FC6E28E0006421C /* UIViewExtension.swift in Sources */ = {isa = PBXBuildFile; fileRef = FA51C9281FC6E28E0006421C /* UIViewExtension.swift */; };
		FA51C92B1FC6E29B0006421C /* UIColorExtension.swift in Sources */ = {isa = PBXBuildFile; fileRef = FA51C92A1FC6E29B0006421C /* UIColorExtension.swift */; };
		FA51C9A41FC84BAA0006421C /* Player.swift in Sources */ = {isa = PBXBuildFile; fileRef = FA51C9A31FC84BAA0006421C /* Player.swift */; };
		FA51C9A81FC84E3F0006421C /* Dimensions.swift in Sources */ = {isa = PBXBuildFile; fileRef = FA51C9A71FC84E3F0006421C /* Dimensions.swift */; };
		FA51C9AF1FC860E60006421C /* Enumerations.swift in Sources */ = {isa = PBXBuildFile; fileRef = FA51C9AE1FC860E60006421C /* Enumerations.swift */; };
/* End PBXBuildFile section */

/* Begin PBXFileReference section */
		C01FDC0B1FC63B0B00174287 /* AudioPlayer.app */ = {isa = PBXFileReference; explicitFileType = wrapper.application; includeInIndex = 0; path = AudioPlayer.app; sourceTree = BUILT_PRODUCTS_DIR; };
		C01FDC0E1FC63B0B00174287 /* AppDelegate.swift */ = {isa = PBXFileReference; lastKnownFileType = sourcecode.swift; path = AppDelegate.swift; sourceTree = "<group>"; };
		C01FDC101FC63B0B00174287 /* ViewController.swift */ = {isa = PBXFileReference; lastKnownFileType = sourcecode.swift; path = ViewController.swift; sourceTree = "<group>"; };
		C01FDC131FC63B0B00174287 /* Base */ = {isa = PBXFileReference; lastKnownFileType = file.storyboard; name = Base; path = Base.lproj/Main.storyboard; sourceTree = "<group>"; };
		C01FDC151FC63B0B00174287 /* Assets.xcassets */ = {isa = PBXFileReference; lastKnownFileType = folder.assetcatalog; path = Assets.xcassets; sourceTree = "<group>"; };
		C01FDC181FC63B0B00174287 /* Base */ = {isa = PBXFileReference; lastKnownFileType = file.storyboard; name = Base; path = Base.lproj/LaunchScreen.storyboard; sourceTree = "<group>"; };
		C01FDC1A1FC63B0B00174287 /* Info.plist */ = {isa = PBXFileReference; lastKnownFileType = text.plist.xml; path = Info.plist; sourceTree = "<group>"; };
		FA234A6C1FC870FE00A058DC /* Notifications.swift */ = {isa = PBXFileReference; lastKnownFileType = sourcecode.swift; path = Notifications.swift; sourceTree = "<group>"; };
		FA3B86A11FFBD45D0015D068 /* PlayerHolder+Animations.swift */ = {isa = PBXFileReference; lastKnownFileType = sourcecode.swift; path = "PlayerHolder+Animations.swift"; sourceTree = "<group>"; };
		FA3B86CE1FFFB5440015D068 /* Keys.swift */ = {isa = PBXFileReference; lastKnownFileType = sourcecode.swift; path = Keys.swift; sourceTree = "<group>"; };
		FA3B86D01FFFB5790015D068 /* Downloader.swift */ = {isa = PBXFileReference; lastKnownFileType = sourcecode.swift; path = Downloader.swift; sourceTree = "<group>"; };
		FA51C90F1FC6D69F0006421C /* Colors.swift */ = {isa = PBXFileReference; fileEncoding = 4; lastKnownFileType = sourcecode.swift; path = Colors.swift; sourceTree = "<group>"; };
		FA51C9171FC6D7C00006421C /* PlayerHolder.swift */ = {isa = PBXFileReference; lastKnownFileType = sourcecode.swift; path = PlayerHolder.swift; sourceTree = "<group>"; };
		FA51C9281FC6E28E0006421C /* UIViewExtension.swift */ = {isa = PBXFileReference; lastKnownFileType = sourcecode.swift; path = UIViewExtension.swift; sourceTree = "<group>"; };
		FA51C92A1FC6E29B0006421C /* UIColorExtension.swift */ = {isa = PBXFileReference; lastKnownFileType = sourcecode.swift; path = UIColorExtension.swift; sourceTree = "<group>"; };
		FA51C9A31FC84BAA0006421C /* Player.swift */ = {isa = PBXFileReference; lastKnownFileType = sourcecode.swift; path = Player.swift; sourceTree = "<group>"; };
		FA51C9A71FC84E3F0006421C /* Dimensions.swift */ = {isa = PBXFileReference; lastKnownFileType = sourcecode.swift; path = Dimensions.swift; sourceTree = "<group>"; };
		FA51C9AE1FC860E60006421C /* Enumerations.swift */ = {isa = PBXFileReference; lastKnownFileType = sourcecode.swift; path = Enumerations.swift; sourceTree = "<group>"; };
/* End PBXFileReference section */

/* Begin PBXFrameworksBuildPhase section */
		C01FDC081FC63B0B00174287 /* Frameworks */ = {
			isa = PBXFrameworksBuildPhase;
			buildActionMask = 2147483647;
			files = (
			);
			runOnlyForDeploymentPostprocessing = 0;
		};
/* End PBXFrameworksBuildPhase section */

/* Begin PBXGroup section */
		C01FDC021FC63B0B00174287 = {
			isa = PBXGroup;
			children = (
				C01FDC0D1FC63B0B00174287 /* AudioPlayer */,
				C01FDC0C1FC63B0B00174287 /* Products */,
			);
			sourceTree = "<group>";
		};
		C01FDC0C1FC63B0B00174287 /* Products */ = {
			isa = PBXGroup;
			children = (
				C01FDC0B1FC63B0B00174287 /* AudioPlayer.app */,
			);
			name = Products;
			sourceTree = "<group>";
		};
		C01FDC0D1FC63B0B00174287 /* AudioPlayer */ = {
			isa = PBXGroup;
			children = (
				C01FDC0E1FC63B0B00174287 /* AppDelegate.swift */,
				C01FDC251FC63C3300174287 /* Helpers */,
				FA51C9AA1FC857990006421C /* Managers */,
				FA234A6E1FC872B800A058DC /* Model */,
				C01FDC2A1FC63C3300174287 /* View */,
				C01FDC241FC63C3300174287 /* Controllers */,
				C01FDC201FC63B2000174287 /* SupportingFiles */,
			);
			path = AudioPlayer;
			sourceTree = "<group>";
		};
		C01FDC201FC63B2000174287 /* SupportingFiles */ = {
			isa = PBXGroup;
			children = (
				C01FDC1A1FC63B0B00174287 /* Info.plist */,
				C01FDC221FC63B6600174287 /* Storyboards */,
				C01FDC211FC63B4900174287 /* Resources */,
			);
			path = SupportingFiles;
			sourceTree = "<group>";
		};
		C01FDC211FC63B4900174287 /* Resources */ = {
			isa = PBXGroup;
			children = (
				C01FDC151FC63B0B00174287 /* Assets.xcassets */,
			);
			path = Resources;
			sourceTree = "<group>";
		};
		C01FDC221FC63B6600174287 /* Storyboards */ = {
			isa = PBXGroup;
			children = (
				C01FDC121FC63B0B00174287 /* Main.storyboard */,
				C01FDC171FC63B0B00174287 /* LaunchScreen.storyboard */,
			);
			path = Storyboards;
			sourceTree = "<group>";
		};
		C01FDC241FC63C3300174287 /* Controllers */ = {
			isa = PBXGroup;
			children = (
				C01FDC101FC63B0B00174287 /* ViewController.swift */,
			);
			path = Controllers;
			sourceTree = "<group>";
		};
		C01FDC251FC63C3300174287 /* Helpers */ = {
			isa = PBXGroup;
			children = (
				FA51C9AD1FC860D50006421C /* Enums */,
				FA51C90E1FC6D69F0006421C /* Constants */,
				FA51C9221FC6E08E0006421C /* Extensions */,
			);
			path = Helpers;
			sourceTree = "<group>";
		};
		C01FDC2A1FC63C3300174287 /* View */ = {
			isa = PBXGroup;
			children = (
				FA51C9161FC6D7AD0006421C /* CustomViews */,
			);
			path = View;
			sourceTree = "<group>";
		};
		FA234A6E1FC872B800A058DC /* Model */ = {
			isa = PBXGroup;
			children = (
			);
			path = Model;
			sourceTree = "<group>";
		};
		FA51C90E1FC6D69F0006421C /* Constants */ = {
			isa = PBXGroup;
			children = (
				FA51C90F1FC6D69F0006421C /* Colors.swift */,
				FA51C9A71FC84E3F0006421C /* Dimensions.swift */,
				FA3B86CE1FFFB5440015D068 /* Keys.swift */,
			);
			path = Constants;
			sourceTree = "<group>";
		};
		FA51C9161FC6D7AD0006421C /* CustomViews */ = {
			isa = PBXGroup;
			children = (
				FA51C9171FC6D7C00006421C /* PlayerHolder.swift */,
				FA51C9A31FC84BAA0006421C /* Player.swift */,
				FA3B86A11FFBD45D0015D068 /* PlayerHolder+Animations.swift */,
			);
			path = CustomViews;
			sourceTree = "<group>";
		};
		FA51C9221FC6E08E0006421C /* Extensions */ = {
			isa = PBXGroup;
			children = (
				FA51C9281FC6E28E0006421C /* UIViewExtension.swift */,
				FA51C92A1FC6E29B0006421C /* UIColorExtension.swift */,
				FA234A6C1FC870FE00A058DC /* Notifications.swift */,
			);
			path = Extensions;
			sourceTree = "<group>";
		};
		FA51C9AA1FC857990006421C /* Managers */ = {
			isa = PBXGroup;
			children = (
				FA3B86D01FFFB5790015D068 /* Downloader.swift */,
			);
			path = Managers;
			sourceTree = "<group>";
		};
		FA51C9AD1FC860D50006421C /* Enums */ = {
			isa = PBXGroup;
			children = (
				FA51C9AE1FC860E60006421C /* Enumerations.swift */,
			);
			path = Enums;
			sourceTree = "<group>";
		};
/* End PBXGroup section */

/* Begin PBXNativeTarget section */
		C01FDC0A1FC63B0B00174287 /* AudioPlayer */ = {
			isa = PBXNativeTarget;
			buildConfigurationList = C01FDC1D1FC63B0B00174287 /* Build configuration list for PBXNativeTarget "AudioPlayer" */;
			buildPhases = (
				C01FDC071FC63B0B00174287 /* Sources */,
				C01FDC081FC63B0B00174287 /* Frameworks */,
				C01FDC091FC63B0B00174287 /* Resources */,
			);
			buildRules = (
			);
			dependencies = (
			);
			name = AudioPlayer;
			productName = AudioPlayer;
			productReference = C01FDC0B1FC63B0B00174287 /* AudioPlayer.app */;
			productType = "com.apple.product-type.application";
		};
/* End PBXNativeTarget section */

/* Begin PBXProject section */
		C01FDC031FC63B0B00174287 /* Project object */ = {
			isa = PBXProject;
			attributes = {
				LastSwiftUpdateCheck = 0910;
				LastUpgradeCheck = 0910;
				ORGANIZATIONNAME = "Abdelhak Jemaii";
				TargetAttributes = {
					C01FDC0A1FC63B0B00174287 = {
						CreatedOnToolsVersion = 9.1;
						ProvisioningStyle = Automatic;
					};
				};
			};
			buildConfigurationList = C01FDC061FC63B0B00174287 /* Build configuration list for PBXProject "AudioPlayer" */;
			compatibilityVersion = "Xcode 8.0";
			developmentRegion = en;
			hasScannedForEncodings = 0;
			knownRegions = (
				en,
				Base,
			);
			mainGroup = C01FDC021FC63B0B00174287;
			productRefGroup = C01FDC0C1FC63B0B00174287 /* Products */;
			projectDirPath = "";
			projectRoot = "";
			targets = (
				C01FDC0A1FC63B0B00174287 /* AudioPlayer */,
			);
		};
/* End PBXProject section */

/* Begin PBXResourcesBuildPhase section */
		C01FDC091FC63B0B00174287 /* Resources */ = {
			isa = PBXResourcesBuildPhase;
			buildActionMask = 2147483647;
			files = (
				C01FDC191FC63B0B00174287 /* LaunchScreen.storyboard in Resources */,
				C01FDC161FC63B0B00174287 /* Assets.xcassets in Resources */,
				C01FDC141FC63B0B00174287 /* Main.storyboard in Resources */,
			);
			runOnlyForDeploymentPostprocessing = 0;
		};
/* End PBXResourcesBuildPhase section */

/* Begin PBXSourcesBuildPhase section */
		C01FDC071FC63B0B00174287 /* Sources */ = {
			isa = PBXSourcesBuildPhase;
			buildActionMask = 2147483647;
			files = (
				FA51C9291FC6E28E0006421C /* UIViewExtension.swift in Sources */,
				FA3B86CF1FFFB5440015D068 /* Keys.swift in Sources */,
				C01FDC111FC63B0B00174287 /* ViewController.swift in Sources */,
				FA234A6D1FC870FE00A058DC /* Notifications.swift in Sources */,
				FA51C9181FC6D7C00006421C /* PlayerHolder.swift in Sources */,
				FA51C9A41FC84BAA0006421C /* Player.swift in Sources */,
				FA3B86A21FFBD45D0015D068 /* PlayerHolder+Animations.swift in Sources */,
				FA51C9131FC6D69F0006421C /* Colors.swift in Sources */,
				FA3B86D11FFFB5790015D068 /* Downloader.swift in Sources */,
				C01FDC0F1FC63B0B00174287 /* AppDelegate.swift in Sources */,
				FA51C92B1FC6E29B0006421C /* UIColorExtension.swift in Sources */,
				FA51C9A81FC84E3F0006421C /* Dimensions.swift in Sources */,
				FA51C9AF1FC860E60006421C /* Enumerations.swift in Sources */,
			);
			runOnlyForDeploymentPostprocessing = 0;
		};
/* End PBXSourcesBuildPhase section */

/* Begin PBXVariantGroup section */
		C01FDC121FC63B0B00174287 /* Main.storyboard */ = {
			isa = PBXVariantGroup;
			children = (
				C01FDC131FC63B0B00174287 /* Base */,
			);
			name = Main.storyboard;
			sourceTree = "<group>";
		};
		C01FDC171FC63B0B00174287 /* LaunchScreen.storyboard */ = {
			isa = PBXVariantGroup;
			children = (
				C01FDC181FC63B0B00174287 /* Base */,
			);
			name = LaunchScreen.storyboard;
			sourceTree = "<group>";
		};
/* End PBXVariantGroup section */

/* Begin XCBuildConfiguration section */
		C01FDC1B1FC63B0B00174287 /* Debug */ = {
			isa = XCBuildConfiguration;
			buildSettings = {
				ALWAYS_SEARCH_USER_PATHS = NO;
				CLANG_ANALYZER_NONNULL = YES;
				CLANG_ANALYZER_NUMBER_OBJECT_CONVERSION = YES_AGGRESSIVE;
				CLANG_CXX_LANGUAGE_STANDARD = "gnu++14";
				CLANG_CXX_LIBRARY = "libc++";
				CLANG_ENABLE_MODULES = YES;
				CLANG_ENABLE_OBJC_ARC = YES;
				CLANG_WARN_BLOCK_CAPTURE_AUTORELEASING = YES;
				CLANG_WARN_BOOL_CONVERSION = YES;
				CLANG_WARN_COMMA = YES;
				CLANG_WARN_CONSTANT_CONVERSION = YES;
				CLANG_WARN_DIRECT_OBJC_ISA_USAGE = YES_ERROR;
				CLANG_WARN_DOCUMENTATION_COMMENTS = YES;
				CLANG_WARN_EMPTY_BODY = YES;
				CLANG_WARN_ENUM_CONVERSION = YES;
				CLANG_WARN_INFINITE_RECURSION = YES;
				CLANG_WARN_INT_CONVERSION = YES;
				CLANG_WARN_NON_LITERAL_NULL_CONVERSION = YES;
				CLANG_WARN_OBJC_LITERAL_CONVERSION = YES;
				CLANG_WARN_OBJC_ROOT_CLASS = YES_ERROR;
				CLANG_WARN_RANGE_LOOP_ANALYSIS = YES;
				CLANG_WARN_STRICT_PROTOTYPES = YES;
				CLANG_WARN_SUSPICIOUS_MOVE = YES;
				CLANG_WARN_UNGUARDED_AVAILABILITY = YES_AGGRESSIVE;
				CLANG_WARN_UNREACHABLE_CODE = YES;
				CLANG_WARN__DUPLICATE_METHOD_MATCH = YES;
				CODE_SIGN_IDENTITY = "iPhone Developer";
				COPY_PHASE_STRIP = NO;
				DEBUG_INFORMATION_FORMAT = dwarf;
				ENABLE_STRICT_OBJC_MSGSEND = YES;
				ENABLE_TESTABILITY = YES;
				GCC_C_LANGUAGE_STANDARD = gnu11;
				GCC_DYNAMIC_NO_PIC = NO;
				GCC_NO_COMMON_BLOCKS = YES;
				GCC_OPTIMIZATION_LEVEL = 0;
				GCC_PREPROCESSOR_DEFINITIONS = (
					"DEBUG=1",
					"$(inherited)",
				);
				GCC_WARN_64_TO_32_BIT_CONVERSION = YES;
				GCC_WARN_ABOUT_RETURN_TYPE = YES_ERROR;
				GCC_WARN_UNDECLARED_SELECTOR = YES;
				GCC_WARN_UNINITIALIZED_AUTOS = YES_AGGRESSIVE;
				GCC_WARN_UNUSED_FUNCTION = YES;
				GCC_WARN_UNUSED_VARIABLE = YES;
				IPHONEOS_DEPLOYMENT_TARGET = 11.1;
				MTL_ENABLE_DEBUG_INFO = YES;
				ONLY_ACTIVE_ARCH = YES;
				SDKROOT = iphoneos;
				SWIFT_ACTIVE_COMPILATION_CONDITIONS = DEBUG;
				SWIFT_OPTIMIZATION_LEVEL = "-Onone";
			};
			name = Debug;
		};
		C01FDC1C1FC63B0B00174287 /* Release */ = {
			isa = XCBuildConfiguration;
			buildSettings = {
				ALWAYS_SEARCH_USER_PATHS = NO;
				CLANG_ANALYZER_NONNULL = YES;
				CLANG_ANALYZER_NUMBER_OBJECT_CONVERSION = YES_AGGRESSIVE;
				CLANG_CXX_LANGUAGE_STANDARD = "gnu++14";
				CLANG_CXX_LIBRARY = "libc++";
				CLANG_ENABLE_MODULES = YES;
				CLANG_ENABLE_OBJC_ARC = YES;
				CLANG_WARN_BLOCK_CAPTURE_AUTORELEASING = YES;
				CLANG_WARN_BOOL_CONVERSION = YES;
				CLANG_WARN_COMMA = YES;
				CLANG_WARN_CONSTANT_CONVERSION = YES;
				CLANG_WARN_DIRECT_OBJC_ISA_USAGE = YES_ERROR;
				CLANG_WARN_DOCUMENTATION_COMMENTS = YES;
				CLANG_WARN_EMPTY_BODY = YES;
				CLANG_WARN_ENUM_CONVERSION = YES;
				CLANG_WARN_INFINITE_RECURSION = YES;
				CLANG_WARN_INT_CONVERSION = YES;
				CLANG_WARN_NON_LITERAL_NULL_CONVERSION = YES;
				CLANG_WARN_OBJC_LITERAL_CONVERSION = YES;
				CLANG_WARN_OBJC_ROOT_CLASS = YES_ERROR;
				CLANG_WARN_RANGE_LOOP_ANALYSIS = YES;
				CLANG_WARN_STRICT_PROTOTYPES = YES;
				CLANG_WARN_SUSPICIOUS_MOVE = YES;
				CLANG_WARN_UNGUARDED_AVAILABILITY = YES_AGGRESSIVE;
				CLANG_WARN_UNREACHABLE_CODE = YES;
				CLANG_WARN__DUPLICATE_METHOD_MATCH = YES;
				CODE_SIGN_IDENTITY = "iPhone Developer";
				COPY_PHASE_STRIP = NO;
				DEBUG_INFORMATION_FORMAT = "dwarf-with-dsym";
				ENABLE_NS_ASSERTIONS = NO;
				ENABLE_STRICT_OBJC_MSGSEND = YES;
				GCC_C_LANGUAGE_STANDARD = gnu11;
				GCC_NO_COMMON_BLOCKS = YES;
				GCC_WARN_64_TO_32_BIT_CONVERSION = YES;
				GCC_WARN_ABOUT_RETURN_TYPE = YES_ERROR;
				GCC_WARN_UNDECLARED_SELECTOR = YES;
				GCC_WARN_UNINITIALIZED_AUTOS = YES_AGGRESSIVE;
				GCC_WARN_UNUSED_FUNCTION = YES;
				GCC_WARN_UNUSED_VARIABLE = YES;
				IPHONEOS_DEPLOYMENT_TARGET = 11.1;
				MTL_ENABLE_DEBUG_INFO = NO;
				SDKROOT = iphoneos;
				SWIFT_OPTIMIZATION_LEVEL = "-Owholemodule";
				VALIDATE_PRODUCT = YES;
			};
			name = Release;
		};
		C01FDC1E1FC63B0B00174287 /* Debug */ = {
			isa = XCBuildConfiguration;
			buildSettings = {
				ASSETCATALOG_COMPILER_APPICON_NAME = AppIcon;
				CODE_SIGN_STYLE = Automatic;
				DEVELOPMENT_TEAM = J7J4FNK28U;
				INFOPLIST_FILE = AudioPlayer/SupportingFiles/Info.plist;
				LD_RUNPATH_SEARCH_PATHS = "$(inherited) @executable_path/Frameworks";
				PRODUCT_BUNDLE_IDENTIFIER = "Abdelhak-Jemaii.AudioPlayer";
				PRODUCT_NAME = "$(TARGET_NAME)";
				SWIFT_VERSION = 4.0;
				TARGETED_DEVICE_FAMILY = "1,2";
			};
			name = Debug;
		};
		C01FDC1F1FC63B0B00174287 /* Release */ = {
			isa = XCBuildConfiguration;
			buildSettings = {
				ASSETCATALOG_COMPILER_APPICON_NAME = AppIcon;
				CODE_SIGN_STYLE = Automatic;
				DEVELOPMENT_TEAM = J7J4FNK28U;
				INFOPLIST_FILE = AudioPlayer/SupportingFiles/Info.plist;
				LD_RUNPATH_SEARCH_PATHS = "$(inherited) @executable_path/Frameworks";
				PRODUCT_BUNDLE_IDENTIFIER = "Abdelhak-Jemaii.AudioPlayer";
				PRODUCT_NAME = "$(TARGET_NAME)";
				SWIFT_VERSION = 4.0;
				TARGETED_DEVICE_FAMILY = "1,2";
			};
			name = Release;
		};
/* End XCBuildConfiguration section */

/* Begin XCConfigurationList section */
		C01FDC061FC63B0B00174287 /* Build configuration list for PBXProject "AudioPlayer" */ = {
			isa = XCConfigurationList;
			buildConfigurations = (
				C01FDC1B1FC63B0B00174287 /* Debug */,
				C01FDC1C1FC63B0B00174287 /* Release */,
			);
			defaultConfigurationIsVisible = 0;
			defaultConfigurationName = Release;
		};
		C01FDC1D1FC63B0B00174287 /* Build configuration list for PBXNativeTarget "AudioPlayer" */ = {
			isa = XCConfigurationList;
			buildConfigurations = (
				C01FDC1E1FC63B0B00174287 /* Debug */,
				C01FDC1F1FC63B0B00174287 /* Release */,
			);
			defaultConfigurationIsVisible = 0;
			defaultConfigurationName = Release;
		};
/* End XCConfigurationList section */
	};
	rootObject = C01FDC031FC63B0B00174287 /* Project object */;
}
